
Microsoft Visual Studio Solution File, Format Version 12.00
# Visual Studio Version 17
VisualStudioVersion = 17.14.36212.18 d17.14
MinimumVisualStudioVersion = 10.0.40219.1
Project("{FAE04EC0-301F-11D3-BF4B-00C04F79EFBC}") = "Gym.PL", "Gym.PL\Gym.PL.csproj", "{A42168D4-F300-4416-A712-1C7377CC6D40}"
EndProject
Global
	GlobalSection(SolutionConfigurationPlatforms) = preSolution
		Debug|Any CPU = Debug|Any CPU
		Release|Any CPU = Release|Any CPU
	EndGlobalSection
	GlobalSection(ProjectConfigurationPlatforms) = postSolution
		{A42168D4-F300-4416-A712-1C7377CC6D40}.Debug|Any CPU.ActiveCfg = Debug|Any CPU
		{A42168D4-F300-4416-A712-1C7377CC6D40}.Debug|Any CPU.Build.0 = Debug|Any CPU
		{A42168D4-F300-4416-A712-1C7377CC6D40}.Release|Any CPU.ActiveCfg = Release|Any CPU
		{A42168D4-F300-4416-A712-1C7377CC6D40}.Release|Any CPU.Build.0 = Release|Any CPU
	EndGlobalSection
	GlobalSection(SolutionProperties) = preSolution
		HideSolutionNode = FALSE
	EndGlobalSection
	GlobalSection(ExtensibilityGlobals) = postSolution
		SolutionGuid = {10BF0C64-9AF3-48E6-9965-B6DE608F9CE8}
	EndGlobalSection
EndGlobal
